
Microsoft Visual Studio Solution File, Format Version 12.00
# Visual Studio Version 16
VisualStudioVersion = 16.0.30330.147
MinimumVisualStudioVersion = 10.0.40219.1
Project("{FAE04EC0-301F-11D3-BF4B-00C04F79EFBC}") = "Lock files", "Lock files\Lock files.csproj", "{13AF07BC-CE36-4CEE-B5AF-0187F50E74A8}"
EndProject
Global
	GlobalSection(SolutionConfigurationPlatforms) = preSolution
		Debug|Any CPU = Debug|Any CPU
		Release|Any CPU = Release|Any CPU
	EndGlobalSection
	GlobalSection(ProjectConfigurationPlatforms) = postSolution
		{13AF07BC-CE36-4CEE-B5AF-0187F50E74A8}.Debug|Any CPU.ActiveCfg = Debug|Any CPU
		{13AF07BC-CE36-4CEE-B5AF-0187F50E74A8}.Debug|Any CPU.Build.0 = Debug|Any CPU
		{13AF07BC-CE36-4CEE-B5AF-0187F50E74A8}.Release|Any CPU.ActiveCfg = Release|Any CPU
		{13AF07BC-CE36-4CEE-B5AF-0187F50E74A8}.Release|Any CPU.Build.0 = Release|Any CPU
	EndGlobalSection
	GlobalSection(SolutionProperties) = preSolution
		HideSolutionNode = FALSE
	EndGlobalSection
	GlobalSection(ExtensibilityGlobals) = postSolution
		SolutionGuid = {9D06B927-A657-46E4-B49D-B42826781C67}
	EndGlobalSection
EndGlobal
